
Microsoft Visual Studio Solution File, Format Version 12.00
# Visual Studio Version 16
VisualStudioVersion = 16.0.30704.19
MinimumVisualStudioVersion = 10.0.40219.1
Project("{9A19103F-16F7-4668-BE54-9A1E7A4F7556}") = "MD_DatePickerTest", "MD_DatePickerTest\MD_DatePickerTest.csproj", "{6519B53C-414A-4D92-92A2-BE45CBE23FF0}"
EndProject
Project("{FAE04EC0-301F-11D3-BF4B-00C04F79EFBC}") = "MD_DatePickerTest.Controls", "MD_DatePickerTest.Controls\MD_DatePickerTest.Controls.csproj", "{860E6D00-0C18-4A26-8245-ACA15A2F2E7C}"
EndProject
Global
	GlobalSection(SolutionConfigurationPlatforms) = preSolution
		Debug|Any CPU = Debug|Any CPU
		Release|Any CPU = Release|Any CPU
	EndGlobalSection
	GlobalSection(ProjectConfigurationPlatforms) = postSolution
		{6519B53C-414A-4D92-92A2-BE45CBE23FF0}.Debug|Any CPU.ActiveCfg = Debug|Any CPU
		{6519B53C-414A-4D92-92A2-BE45CBE23FF0}.Debug|Any CPU.Build.0 = Debug|Any CPU
		{6519B53C-414A-4D92-92A2-BE45CBE23FF0}.Release|Any CPU.ActiveCfg = Release|Any CPU
		{6519B53C-414A-4D92-92A2-BE45CBE23FF0}.Release|Any CPU.Build.0 = Release|Any CPU
		{860E6D00-0C18-4A26-8245-ACA15A2F2E7C}.Debug|Any CPU.ActiveCfg = Debug|Any CPU
		{860E6D00-0C18-4A26-8245-ACA15A2F2E7C}.Debug|Any CPU.Build.0 = Debug|Any CPU
		{860E6D00-0C18-4A26-8245-ACA15A2F2E7C}.Release|Any CPU.ActiveCfg = Release|Any CPU
		{860E6D00-0C18-4A26-8245-ACA15A2F2E7C}.Release|Any CPU.Build.0 = Release|Any CPU
	EndGlobalSection
	GlobalSection(SolutionProperties) = preSolution
		HideSolutionNode = FALSE
	EndGlobalSection
	GlobalSection(ExtensibilityGlobals) = postSolution
		SolutionGuid = {F0DD0C88-F438-4186-8456-04728F855836}
	EndGlobalSection
EndGlobal
